// !$*UTF8*$!
{
	archiveVersion = 1;
	classes = {
	};
	objectVersion = 46;
	objects = {

/* Begin PBXBuildFile section */
		010A520A1E5706E900AEA205 /* AppDelegate.swift in Sources */ = {isa = PBXBuildFile; fileRef = 010A52091E5706E900AEA205 /* AppDelegate.swift */; };
		010A520C1E5706E900AEA205 /* MasterViewController.swift in Sources */ = {isa = PBXBuildFile; fileRef = 010A520B1E5706E900AEA205 /* MasterViewController.swift */; };
		010A520E1E5706E900AEA205 /* DetailViewController.swift in Sources */ = {isa = PBXBuildFile; fileRef = 010A520D1E5706E900AEA205 /* DetailViewController.swift */; };
		010A52111E5706E900AEA205 /* Main.storyboard in Resources */ = {isa = PBXBuildFile; fileRef = 010A520F1E5706E900AEA205 /* Main.storyboard */; };
		010A52131E5706E900AEA205 /* Assets.xcassets in Resources */ = {isa = PBXBuildFile; fileRef = 010A52121E5706E900AEA205 /* Assets.xcassets */; };
		010A52161E5706E900AEA205 /* LaunchScreen.storyboard in Resources */ = {isa = PBXBuildFile; fileRef = 010A52141E5706E900AEA205 /* LaunchScreen.storyboard */; };
		010A52211E5706E900AEA205 /* MicroPadTests.swift in Sources */ = {isa = PBXBuildFile; fileRef = 010A52201E5706E900AEA205 /* MicroPadTests.swift */; };
		010A522C1E5706E900AEA205 /* MicroPadUITests.swift in Sources */ = {isa = PBXBuildFile; fileRef = 010A522B1E5706E900AEA205 /* MicroPadUITests.swift */; };
/* End PBXBuildFile section */

/* Begin PBXContainerItemProxy section */
		010A521D1E5706E900AEA205 /* PBXContainerItemProxy */ = {
			isa = PBXContainerItemProxy;
			containerPortal = 010A51FE1E5706E800AEA205 /* Project object */;
			proxyType = 1;
			remoteGlobalIDString = 010A52051E5706E800AEA205;
			remoteInfo = MicroPad;
		};
		010A52281E5706E900AEA205 /* PBXContainerItemProxy */ = {
			isa = PBXContainerItemProxy;
			containerPortal = 010A51FE1E5706E800AEA205 /* Project object */;
			proxyType = 1;
			remoteGlobalIDString = 010A52051E5706E800AEA205;
			remoteInfo = MicroPad;
		};
/* End PBXContainerItemProxy section */

/* Begin PBXFileReference section */
		010A52061E5706E900AEA205 /* MicroPad.app */ = {isa = PBXFileReference; explicitFileType = wrapper.application; includeInIndex = 0; path = MicroPad.app; sourceTree = BUILT_PRODUCTS_DIR; };
		010A52091E5706E900AEA205 /* AppDelegate.swift */ = {isa = PBXFileReference; lastKnownFileType = sourcecode.swift; path = AppDelegate.swift; sourceTree = "<group>"; };
		010A520B1E5706E900AEA205 /* MasterViewController.swift */ = {isa = PBXFileReference; lastKnownFileType = sourcecode.swift; path = MasterViewController.swift; sourceTree = "<group>"; };
		010A520D1E5706E900AEA205 /* DetailViewController.swift */ = {isa = PBXFileReference; lastKnownFileType = sourcecode.swift; path = DetailViewController.swift; sourceTree = "<group>"; };
		010A52101E5706E900AEA205 /* Base */ = {isa = PBXFileReference; lastKnownFileType = file.storyboard; name = Base; path = Base.lproj/Main.storyboard; sourceTree = "<group>"; };
		010A52121E5706E900AEA205 /* Assets.xcassets */ = {isa = PBXFileReference; lastKnownFileType = folder.assetcatalog; path = Assets.xcassets; sourceTree = "<group>"; };
		010A52151E5706E900AEA205 /* Base */ = {isa = PBXFileReference; lastKnownFileType = file.storyboard; name = Base; path = Base.lproj/LaunchScreen.storyboard; sourceTree = "<group>"; };
		010A52171E5706E900AEA205 /* Info.plist */ = {isa = PBXFileReference; lastKnownFileType = text.plist.xml; path = Info.plist; sourceTree = "<group>"; };
		010A521C1E5706E900AEA205 /* MicroPadTests.xctest */ = {isa = PBXFileReference; explicitFileType = wrapper.cfbundle; includeInIndex = 0; path = MicroPadTests.xctest; sourceTree = BUILT_PRODUCTS_DIR; };
		010A52201E5706E900AEA205 /* MicroPadTests.swift */ = {isa = PBXFileReference; lastKnownFileType = sourcecode.swift; path = MicroPadTests.swift; sourceTree = "<group>"; };
		010A52221E5706E900AEA205 /* Info.plist */ = {isa = PBXFileReference; lastKnownFileType = text.plist.xml; path = Info.plist; sourceTree = "<group>"; };
		010A52271E5706E900AEA205 /* MicroPadUITests.xctest */ = {isa = PBXFileReference; explicitFileType = wrapper.cfbundle; includeInIndex = 0; path = MicroPadUITests.xctest; sourceTree = BUILT_PRODUCTS_DIR; };
		010A522B1E5706E900AEA205 /* MicroPadUITests.swift */ = {isa = PBXFileReference; lastKnownFileType = sourcecode.swift; path = MicroPadUITests.swift; sourceTree = "<group>"; };
		010A522D1E5706E900AEA205 /* Info.plist */ = {isa = PBXFileReference; lastKnownFileType = text.plist.xml; path = Info.plist; sourceTree = "<group>"; };
/* End PBXFileReference section */

/* Begin PBXFrameworksBuildPhase section */
		010A52031E5706E800AEA205 /* Frameworks */ = {
			isa = PBXFrameworksBuildPhase;
			buildActionMask = 2147483647;
			files = (
			);
			runOnlyForDeploymentPostprocessing = 0;
		};
		010A52191E5706E900AEA205 /* Frameworks */ = {
			isa = PBXFrameworksBuildPhase;
			buildActionMask = 2147483647;
			files = (
			);
			runOnlyForDeploymentPostprocessing = 0;
		};
		010A52241E5706E900AEA205 /* Frameworks */ = {
			isa = PBXFrameworksBuildPhase;
			buildActionMask = 2147483647;
			files = (
			);
			runOnlyForDeploymentPostprocessing = 0;
		};
/* End PBXFrameworksBuildPhase section */

/* Begin PBXGroup section */
		010A51FD1E5706E800AEA205 = {
			isa = PBXGroup;
			children = (
				010A52081E5706E900AEA205 /* MicroPad */,
				010A521F1E5706E900AEA205 /* MicroPadTests */,
				010A522A1E5706E900AEA205 /* MicroPadUITests */,
				010A52071E5706E900AEA205 /* Products */,
			);
			sourceTree = "<group>";
		};
		010A52071E5706E900AEA205 /* Products */ = {
			isa = PBXGroup;
			children = (
				010A52061E5706E900AEA205 /* MicroPad.app */,
				010A521C1E5706E900AEA205 /* MicroPadTests.xctest */,
				010A52271E5706E900AEA205 /* MicroPadUITests.xctest */,
			);
			name = Products;
			sourceTree = "<group>";
		};
		010A52081E5706E900AEA205 /* MicroPad */ = {
			isa = PBXGroup;
			children = (
				010A52091E5706E900AEA205 /* AppDelegate.swift */,
				010A520B1E5706E900AEA205 /* MasterViewController.swift */,
				010A520D1E5706E900AEA205 /* DetailViewController.swift */,
				010A520F1E5706E900AEA205 /* Main.storyboard */,
				010A52121E5706E900AEA205 /* Assets.xcassets */,
				010A52141E5706E900AEA205 /* LaunchScreen.storyboard */,
				010A52171E5706E900AEA205 /* Info.plist */,
			);
			path = MicroPad;
			sourceTree = "<group>";
		};
		010A521F1E5706E900AEA205 /* MicroPadTests */ = {
			isa = PBXGroup;
			children = (
				010A52201E5706E900AEA205 /* MicroPadTests.swift */,
				010A52221E5706E900AEA205 /* Info.plist */,
			);
			path = MicroPadTests;
			sourceTree = "<group>";
		};
		010A522A1E5706E900AEA205 /* MicroPadUITests */ = {
			isa = PBXGroup;
			children = (
				010A522B1E5706E900AEA205 /* MicroPadUITests.swift */,
				010A522D1E5706E900AEA205 /* Info.plist */,
			);
			path = MicroPadUITests;
			sourceTree = "<group>";
		};
/* End PBXGroup section */

/* Begin PBXNativeTarget section */
		010A52051E5706E800AEA205 /* MicroPad */ = {
			isa = PBXNativeTarget;
			buildConfigurationList = 010A52301E5706E900AEA205 /* Build configuration list for PBXNativeTarget "MicroPad" */;
			buildPhases = (
				010A52021E5706E800AEA205 /* Sources */,
				010A52031E5706E800AEA205 /* Frameworks */,
				010A52041E5706E800AEA205 /* Resources */,
			);
			buildRules = (
			);
			dependencies = (
			);
			name = MicroPad;
			productName = MicroPad;
			productReference = 010A52061E5706E900AEA205 /* MicroPad.app */;
			productType = "com.apple.product-type.application";
		};
		010A521B1E5706E900AEA205 /* MicroPadTests */ = {
			isa = PBXNativeTarget;
			buildConfigurationList = 010A52331E5706E900AEA205 /* Build configuration list for PBXNativeTarget "MicroPadTests" */;
			buildPhases = (
				010A52181E5706E900AEA205 /* Sources */,
				010A52191E5706E900AEA205 /* Frameworks */,
				010A521A1E5706E900AEA205 /* Resources */,
			);
			buildRules = (
			);
			dependencies = (
				010A521E1E5706E900AEA205 /* PBXTargetDependency */,
			);
			name = MicroPadTests;
			productName = MicroPadTests;
			productReference = 010A521C1E5706E900AEA205 /* MicroPadTests.xctest */;
			productType = "com.apple.product-type.bundle.unit-test";
		};
		010A52261E5706E900AEA205 /* MicroPadUITests */ = {
			isa = PBXNativeTarget;
			buildConfigurationList = 010A52361E5706E900AEA205 /* Build configuration list for PBXNativeTarget "MicroPadUITests" */;
			buildPhases = (
				010A52231E5706E900AEA205 /* Sources */,
				010A52241E5706E900AEA205 /* Frameworks */,
				010A52251E5706E900AEA205 /* Resources */,
			);
			buildRules = (
			);
			dependencies = (
				010A52291E5706E900AEA205 /* PBXTargetDependency */,
			);
			name = MicroPadUITests;
			productName = MicroPadUITests;
			productReference = 010A52271E5706E900AEA205 /* MicroPadUITests.xctest */;
			productType = "com.apple.product-type.bundle.ui-testing";
		};
/* End PBXNativeTarget section */

/* Begin PBXProject section */
		010A51FE1E5706E800AEA205 /* Project object */ = {
			isa = PBXProject;
			attributes = {
				LastSwiftUpdateCheck = 0820;
				LastUpgradeCheck = 0820;
				ORGANIZATIONNAME = "Nick Webster";
				TargetAttributes = {
					010A52051E5706E800AEA205 = {
						CreatedOnToolsVersion = 8.2.1;
						ProvisioningStyle = Automatic;
					};
					010A521B1E5706E900AEA205 = {
						CreatedOnToolsVersion = 8.2.1;
						ProvisioningStyle = Automatic;
						TestTargetID = 010A52051E5706E800AEA205;
					};
					010A52261E5706E900AEA205 = {
						CreatedOnToolsVersion = 8.2.1;
						ProvisioningStyle = Automatic;
						TestTargetID = 010A52051E5706E800AEA205;
					};
				};
			};
			buildConfigurationList = 010A52011E5706E800AEA205 /* Build configuration list for PBXProject "MicroPad" */;
			compatibilityVersion = "Xcode 3.2";
			developmentRegion = English;
			hasScannedForEncodings = 0;
			knownRegions = (
				en,
				Base,
			);
			mainGroup = 010A51FD1E5706E800AEA205;
			productRefGroup = 010A52071E5706E900AEA205 /* Products */;
			projectDirPath = "";
			projectRoot = "";
			targets = (
				010A52051E5706E800AEA205 /* MicroPad */,
				010A521B1E5706E900AEA205 /* MicroPadTests */,
				010A52261E5706E900AEA205 /* MicroPadUITests */,
			);
		};
/* End PBXProject section */

/* Begin PBXResourcesBuildPhase section */
		010A52041E5706E800AEA205 /* Resources */ = {
			isa = PBXResourcesBuildPhase;
			buildActionMask = 2147483647;
			files = (
				010A52161E5706E900AEA205 /* LaunchScreen.storyboard in Resources */,
				010A52131E5706E900AEA205 /* Assets.xcassets in Resources */,
				010A52111E5706E900AEA205 /* Main.storyboard in Resources */,
			);
			runOnlyForDeploymentPostprocessing = 0;
		};
		010A521A1E5706E900AEA205 /* Resources */ = {
			isa = PBXResourcesBuildPhase;
			buildActionMask = 2147483647;
			files = (
			);
			runOnlyForDeploymentPostprocessing = 0;
		};
		010A52251E5706E900AEA205 /* Resources */ = {
			isa = PBXResourcesBuildPhase;
			buildActionMask = 2147483647;
			files = (
			);
			runOnlyForDeploymentPostprocessing = 0;
		};
/* End PBXResourcesBuildPhase section */

/* Begin PBXSourcesBuildPhase section */
		010A52021E5706E800AEA205 /* Sources */ = {
			isa = PBXSourcesBuildPhase;
			buildActionMask = 2147483647;
			files = (
				010A520E1E5706E900AEA205 /* DetailViewController.swift in Sources */,
				010A520C1E5706E900AEA205 /* MasterViewController.swift in Sources */,
				010A520A1E5706E900AEA205 /* AppDelegate.swift in Sources */,
			);
			runOnlyForDeploymentPostprocessing = 0;
		};
		010A52181E5706E900AEA205 /* Sources */ = {
			isa = PBXSourcesBuildPhase;
			buildActionMask = 2147483647;
			files = (
				010A52211E5706E900AEA205 /* MicroPadTests.swift in Sources */,
			);
			runOnlyForDeploymentPostprocessing = 0;
		};
		010A52231E5706E900AEA205 /* Sources */ = {
			isa = PBXSourcesBuildPhase;
			buildActionMask = 2147483647;
			files = (
				010A522C1E5706E900AEA205 /* MicroPadUITests.swift in Sources */,
			);
			runOnlyForDeploymentPostprocessing = 0;
		};
/* End PBXSourcesBuildPhase section */

/* Begin PBXTargetDependency section */
		010A521E1E5706E900AEA205 /* PBXTargetDependency */ = {
			isa = PBXTargetDependency;
			target = 010A52051E5706E800AEA205 /* MicroPad */;
			targetProxy = 010A521D1E5706E900AEA205 /* PBXContainerItemProxy */;
		};
		010A52291E5706E900AEA205 /* PBXTargetDependency */ = {
			isa = PBXTargetDependency;
			target = 010A52051E5706E800AEA205 /* MicroPad */;
			targetProxy = 010A52281E5706E900AEA205 /* PBXContainerItemProxy */;
		};
/* End PBXTargetDependency section */

/* Begin PBXVariantGroup section */
		010A520F1E5706E900AEA205 /* Main.storyboard */ = {
			isa = PBXVariantGroup;
			children = (
				010A52101E5706E900AEA205 /* Base */,
			);
			name = Main.storyboard;
			sourceTree = "<group>";
		};
		010A52141E5706E900AEA205 /* LaunchScreen.storyboard */ = {
			isa = PBXVariantGroup;
			children = (
				010A52151E5706E900AEA205 /* Base */,
			);
			name = LaunchScreen.storyboard;
			sourceTree = "<group>";
		};
/* End PBXVariantGroup section */

/* Begin XCBuildConfiguration section */
		010A522E1E5706E900AEA205 /* Debug */ = {
			isa = XCBuildConfiguration;
			buildSettings = {
				ALWAYS_SEARCH_USER_PATHS = NO;
				CLANG_ANALYZER_NONNULL = YES;
				CLANG_CXX_LANGUAGE_STANDARD = "gnu++0x";
				CLANG_CXX_LIBRARY = "libc++";
				CLANG_ENABLE_MODULES = YES;
				CLANG_ENABLE_OBJC_ARC = YES;
				CLANG_WARN_BOOL_CONVERSION = YES;
				CLANG_WARN_CONSTANT_CONVERSION = YES;
				CLANG_WARN_DIRECT_OBJC_ISA_USAGE = YES_ERROR;
				CLANG_WARN_DOCUMENTATION_COMMENTS = YES;
				CLANG_WARN_EMPTY_BODY = YES;
				CLANG_WARN_ENUM_CONVERSION = YES;
				CLANG_WARN_INFINITE_RECURSION = YES;
				CLANG_WARN_INT_CONVERSION = YES;
				CLANG_WARN_OBJC_ROOT_CLASS = YES_ERROR;
				CLANG_WARN_SUSPICIOUS_MOVE = YES;
				CLANG_WARN_UNREACHABLE_CODE = YES;
				CLANG_WARN__DUPLICATE_METHOD_MATCH = YES;
				"CODE_SIGN_IDENTITY[sdk=iphoneos*]" = "iPhone Developer";
				COPY_PHASE_STRIP = NO;
				DEBUG_INFORMATION_FORMAT = dwarf;
				ENABLE_STRICT_OBJC_MSGSEND = YES;
				ENABLE_TESTABILITY = YES;
				GCC_C_LANGUAGE_STANDARD = gnu99;
				GCC_DYNAMIC_NO_PIC = NO;
				GCC_NO_COMMON_BLOCKS = YES;
				GCC_OPTIMIZATION_LEVEL = 0;
				GCC_PREPROCESSOR_DEFINITIONS = (
					"DEBUG=1",
					"$(inherited)",
				);
				GCC_WARN_64_TO_32_BIT_CONVERSION = YES;
				GCC_WARN_ABOUT_RETURN_TYPE = YES_ERROR;
				GCC_WARN_UNDECLARED_SELECTOR = YES;
				GCC_WARN_UNINITIALIZED_AUTOS = YES_AGGRESSIVE;
				GCC_WARN_UNUSED_FUNCTION = YES;
				GCC_WARN_UNUSED_VARIABLE = YES;
				IPHONEOS_DEPLOYMENT_TARGET = 10.2;
				MTL_ENABLE_DEBUG_INFO = YES;
				ONLY_ACTIVE_ARCH = YES;
				SDKROOT = iphoneos;
				SWIFT_ACTIVE_COMPILATION_CONDITIONS = DEBUG;
				SWIFT_OPTIMIZATION_LEVEL = "-Onone";
				TARGETED_DEVICE_FAMILY = "1,2";
			};
			name = Debug;
		};
		010A522F1E5706E900AEA205 /* Release */ = {
			isa = XCBuildConfiguration;
			buildSettings = {
				ALWAYS_SEARCH_USER_PATHS = NO;
				CLANG_ANALYZER_NONNULL = YES;
				CLANG_CXX_LANGUAGE_STANDARD = "gnu++0x";
				CLANG_CXX_LIBRARY = "libc++";
				CLANG_ENABLE_MODULES = YES;
				CLANG_ENABLE_OBJC_ARC = YES;
				CLANG_WARN_BOOL_CONVERSION = YES;
				CLANG_WARN_CONSTANT_CONVERSION = YES;
				CLANG_WARN_DIRECT_OBJC_ISA_USAGE = YES_ERROR;
				CLANG_WARN_DOCUMENTATION_COMMENTS = YES;
				CLANG_WARN_EMPTY_BODY = YES;
				CLANG_WARN_ENUM_CONVERSION = YES;
				CLANG_WARN_INFINITE_RECURSION = YES;
				CLANG_WARN_INT_CONVERSION = YES;
				CLANG_WARN_OBJC_ROOT_CLASS = YES_ERROR;
				CLANG_WARN_SUSPICIOUS_MOVE = YES;
				CLANG_WARN_UNREACHABLE_CODE = YES;
				CLANG_WARN__DUPLICATE_METHOD_MATCH = YES;
				"CODE_SIGN_IDENTITY[sdk=iphoneos*]" = "iPhone Developer";
				COPY_PHASE_STRIP = NO;
				DEBUG_INFORMATION_FORMAT = "dwarf-with-dsym";
				ENABLE_NS_ASSERTIONS = NO;
				ENABLE_STRICT_OBJC_MSGSEND = YES;
				GCC_C_LANGUAGE_STANDARD = gnu99;
				GCC_NO_COMMON_BLOCKS = YES;
				GCC_WARN_64_TO_32_BIT_CONVERSION = YES;
				GCC_WARN_ABOUT_RETURN_TYPE = YES_ERROR;
				GCC_WARN_UNDECLARED_SELECTOR = YES;
				GCC_WARN_UNINITIALIZED_AUTOS = YES_AGGRESSIVE;
				GCC_WARN_UNUSED_FUNCTION = YES;
				GCC_WARN_UNUSED_VARIABLE = YES;
				IPHONEOS_DEPLOYMENT_TARGET = 10.2;
				MTL_ENABLE_DEBUG_INFO = NO;
				SDKROOT = iphoneos;
				SWIFT_OPTIMIZATION_LEVEL = "-Owholemodule";
				TARGETED_DEVICE_FAMILY = "1,2";
				VALIDATE_PRODUCT = YES;
			};
			name = Release;
		};
		010A52311E5706E900AEA205 /* Debug */ = {
			isa = XCBuildConfiguration;
			buildSettings = {
				ASSETCATALOG_COMPILER_APPICON_NAME = AppIcon;
				INFOPLIST_FILE = MicroPad/Info.plist;
				LD_RUNPATH_SEARCH_PATHS = "$(inherited) @executable_path/Frameworks";
				PRODUCT_BUNDLE_IDENTIFIER = com.getmicropad.MicroPad;
				PRODUCT_NAME = "$(TARGET_NAME)";
				SWIFT_VERSION = 3.0;
			};
			name = Debug;
		};
		010A52321E5706E900AEA205 /* Release */ = {
			isa = XCBuildConfiguration;
			buildSettings = {
				ASSETCATALOG_COMPILER_APPICON_NAME = AppIcon;
				INFOPLIST_FILE = MicroPad/Info.plist;
				LD_RUNPATH_SEARCH_PATHS = "$(inherited) @executable_path/Frameworks";
				PRODUCT_BUNDLE_IDENTIFIER = com.getmicropad.MicroPad;
				PRODUCT_NAME = "$(TARGET_NAME)";
				SWIFT_VERSION = 3.0;
			};
			name = Release;
		};
		010A52341E5706E900AEA205 /* Debug */ = {
			isa = XCBuildConfiguration;
			buildSettings = {
				ALWAYS_EMBED_SWIFT_STANDARD_LIBRARIES = YES;
				BUNDLE_LOADER = "$(TEST_HOST)";
				INFOPLIST_FILE = MicroPadTests/Info.plist;
				LD_RUNPATH_SEARCH_PATHS = "$(inherited) @executable_path/Frameworks @loader_path/Frameworks";
				PRODUCT_BUNDLE_IDENTIFIER = com.getmicropad.MicroPadTests;
				PRODUCT_NAME = "$(TARGET_NAME)";
				SWIFT_VERSION = 3.0;
				TEST_HOST = "$(BUILT_PRODUCTS_DIR)/MicroPad.app/MicroPad";
			};
			name = Debug;
		};
		010A52351E5706E900AEA205 /* Release */ = {
			isa = XCBuildConfiguration;
			buildSettings = {
				ALWAYS_EMBED_SWIFT_STANDARD_LIBRARIES = YES;
				BUNDLE_LOADER = "$(TEST_HOST)";
				INFOPLIST_FILE = MicroPadTests/Info.plist;
				LD_RUNPATH_SEARCH_PATHS = "$(inherited) @executable_path/Frameworks @loader_path/Frameworks";
				PRODUCT_BUNDLE_IDENTIFIER = com.getmicropad.MicroPadTests;
				PRODUCT_NAME = "$(TARGET_NAME)";
				SWIFT_VERSION = 3.0;
				TEST_HOST = "$(BUILT_PRODUCTS_DIR)/MicroPad.app/MicroPad";
			};
			name = Release;
		};
		010A52371E5706E900AEA205 /* Debug */ = {
			isa = XCBuildConfiguration;
			buildSettings = {
				ALWAYS_EMBED_SWIFT_STANDARD_LIBRARIES = YES;
				INFOPLIST_FILE = MicroPadUITests/Info.plist;
				LD_RUNPATH_SEARCH_PATHS = "$(inherited) @executable_path/Frameworks @loader_path/Frameworks";
				PRODUCT_BUNDLE_IDENTIFIER = com.getmicropad.MicroPadUITests;
				PRODUCT_NAME = "$(TARGET_NAME)";
				SWIFT_VERSION = 3.0;
				TEST_TARGET_NAME = MicroPad;
			};
			name = Debug;
		};
		010A52381E5706E900AEA205 /* Release */ = {
			isa = XCBuildConfiguration;
			buildSettings = {
				ALWAYS_EMBED_SWIFT_STANDARD_LIBRARIES = YES;
				INFOPLIST_FILE = MicroPadUITests/Info.plist;
				LD_RUNPATH_SEARCH_PATHS = "$(inherited) @executable_path/Frameworks @loader_path/Frameworks";
				PRODUCT_BUNDLE_IDENTIFIER = com.getmicropad.MicroPadUITests;
				PRODUCT_NAME = "$(TARGET_NAME)";
				SWIFT_VERSION = 3.0;
				TEST_TARGET_NAME = MicroPad;
			};
			name = Release;
		};
/* End XCBuildConfiguration section */

/* Begin XCConfigurationList section */
		010A52011E5706E800AEA205 /* Build configuration list for PBXProject "MicroPad" */ = {
			isa = XCConfigurationList;
			buildConfigurations = (
				010A522E1E5706E900AEA205 /* Debug */,
				010A522F1E5706E900AEA205 /* Release */,
			);
			defaultConfigurationIsVisible = 0;
			defaultConfigurationName = Release;
		};
		010A52301E5706E900AEA205 /* Build configuration list for PBXNativeTarget "MicroPad" */ = {
			isa = XCConfigurationList;
			buildConfigurations = (
				010A52311E5706E900AEA205 /* Debug */,
				010A52321E5706E900AEA205 /* Release */,
			);
			defaultConfigurationIsVisible = 0;
		};
		010A52331E5706E900AEA205 /* Build configuration list for PBXNativeTarget "MicroPadTests" */ = {
			isa = XCConfigurationList;
			buildConfigurations = (
				010A52341E5706E900AEA205 /* Debug */,
				010A52351E5706E900AEA205 /* Release */,
			);
			defaultConfigurationIsVisible = 0;
		};
		010A52361E5706E900AEA205 /* Build configuration list for PBXNativeTarget "MicroPadUITests" */ = {
			isa = XCConfigurationList;
			buildConfigurations = (
				010A52371E5706E900AEA205 /* Debug */,
				010A52381E5706E900AEA205 /* Release */,
			);
			defaultConfigurationIsVisible = 0;
		};
/* End XCConfigurationList section */
	};
	rootObject = 010A51FE1E5706E800AEA205 /* Project object */;
}
